
Microsoft Visual Studio Solution File, Format Version 12.00
# Visual Studio 15
VisualStudioVersion = 15.0.28010.2050
MinimumVisualStudioVersion = 10.0.40219.1
Project("{8BC9CEB8-8B4A-11D0-8D11-00A0C91BC942}") = "bhop internal", "bhop internal\bhop internal.vcxproj", "{0FA68969-2E25-4BE6-89D9-CED39CF6F5E9}"
EndProject
Global
	GlobalSection(SolutionConfigurationPlatforms) = preSolution
		Debug|x64 = Debug|x64
		Debug|x86 = Debug|x86
		Release|x64 = Release|x64
		Release|x86 = Release|x86
	EndGlobalSection
	GlobalSection(ProjectConfigurationPlatforms) = postSolution
		{0FA68969-2E25-4BE6-89D9-CED39CF6F5E9}.Debug|x64.ActiveCfg = Debug|x64
		{0FA68969-2E25-4BE6-89D9-CED39CF6F5E9}.Debug|x64.Build.0 = Debug|x64
		{0FA68969-2E25-4BE6-89D9-CED39CF6F5E9}.Debug|x86.ActiveCfg = Debug|Win32
		{0FA68969-2E25-4BE6-89D9-CED39CF6F5E9}.Debug|x86.Build.0 = Debug|Win32
		{0FA68969-2E25-4BE6-89D9-CED39CF6F5E9}.Release|x64.ActiveCfg = Release|x64
		{0FA68969-2E25-4BE6-89D9-CED39CF6F5E9}.Release|x64.Build.0 = Release|x64
		{0FA68969-2E25-4BE6-89D9-CED39CF6F5E9}.Release|x86.ActiveCfg = Release|Win32
		{0FA68969-2E25-4BE6-89D9-CED39CF6F5E9}.Release|x86.Build.0 = Release|Win32
	EndGlobalSection
	GlobalSection(SolutionProperties) = preSolution
		HideSolutionNode = FALSE
	EndGlobalSection
	GlobalSection(ExtensibilityGlobals) = postSolution
		SolutionGuid = {D596B034-75CD-44BF-B0E1-3B57CF64A611}
	EndGlobalSection
EndGlobal
